// !$*UTF8*$!
{
	archiveVersion = 1;
	classes = {
	};
	objectVersion = 50;
	objects = {

/* Begin PBXBuildFile section */
		3D82BC31219BCE2100300299 /* TasksResult.swift in Sources */ = {isa = PBXBuildFile; fileRef = 3D82BC2F219BCE2100300299 /* TasksResult.swift */; };
		3D82BC32219BCE2100300299 /* Task.swift in Sources */ = {isa = PBXBuildFile; fileRef = 3D82BC30219BCE2100300299 /* Task.swift */; };
		3D82BC34219C6D0F00300299 /* TasksManager.swift in Sources */ = {isa = PBXBuildFile; fileRef = 3D82BC33219C6D0F00300299 /* TasksManager.swift */; };
		3D82BC3B219CAAC000300299 /* SF-UI-Text-Medium.ttf in Resources */ = {isa = PBXBuildFile; fileRef = 3D82BC36219CAA1700300299 /* SF-UI-Text-Medium.ttf */; };
		3D82BC3C219CAAC000300299 /* SF-UI-Text-Semibold.ttf in Resources */ = {isa = PBXBuildFile; fileRef = 3D82BC37219CAA1700300299 /* SF-UI-Text-Semibold.ttf */; };
		3D82BC3D219CAAC000300299 /* SFUIText-Regular.ttf in Resources */ = {isa = PBXBuildFile; fileRef = 3D82BC3A219CAA9500300299 /* SFUIText-Regular.ttf */; };
		3D82BC3E219CAAC000300299 /* SFUIText-Bold.ttf in Resources */ = {isa = PBXBuildFile; fileRef = 3D82BC38219CAA1700300299 /* SFUIText-Bold.ttf */; };
		3D82BC41219CD2B700300299 /* TaskCell.swift in Sources */ = {isa = PBXBuildFile; fileRef = 3D82BC40219CD2B700300299 /* TaskCell.swift */; };
		3D82BC43219CD2C800300299 /* HeaderCell.swift in Sources */ = {isa = PBXBuildFile; fileRef = 3D82BC42219CD2C800300299 /* HeaderCell.swift */; };
		3D82BC46219CD32000300299 /* ReusableCellView.swift in Sources */ = {isa = PBXBuildFile; fileRef = 3D82BC45219CD32000300299 /* ReusableCellView.swift */; };
		3DBB5910219DF10C003CEA9E /* Alert.swift in Sources */ = {isa = PBXBuildFile; fileRef = 3DBB590F219DF10C003CEA9E /* Alert.swift */; };
		3DBB5912219E79AB003CEA9E /* BaseViewController.swift in Sources */ = {isa = PBXBuildFile; fileRef = 3DBB5911219E79AB003CEA9E /* BaseViewController.swift */; };
		3DD5219C219FABA700C09CCF /* UIImageViewExtension.swift in Sources */ = {isa = PBXBuildFile; fileRef = 3DD5219B219FABA700C09CCF /* UIImageViewExtension.swift */; };
		3DD5219E21A05D4800C09CCF /* ViewBorder.swift in Sources */ = {isa = PBXBuildFile; fileRef = 3DD5219D21A05D4800C09CCF /* ViewBorder.swift */; };
		3DD521A021A0715500C09CCF /* BaseViewModel.swift in Sources */ = {isa = PBXBuildFile; fileRef = 3DD5219F21A0715500C09CCF /* BaseViewModel.swift */; };
		3DD521A221A0EC9A00C09CCF /* Storyboard.swift in Sources */ = {isa = PBXBuildFile; fileRef = 3DD521A121A0EC9A00C09CCF /* Storyboard.swift */; };
		3DD521A621A277F700C09CCF /* DateConverter.swift in Sources */ = {isa = PBXBuildFile; fileRef = 3DD521A521A277F700C09CCF /* DateConverter.swift */; };
		3DD521AA21A3126D00C09CCF /* TaskManagerTest.swift in Sources */ = {isa = PBXBuildFile; fileRef = 3DD521A921A3126D00C09CCF /* TaskManagerTest.swift */; };
		3DE3941C219B5D8D00124B07 /* AppDelegate.swift in Sources */ = {isa = PBXBuildFile; fileRef = 3DE3941B219B5D8D00124B07 /* AppDelegate.swift */; };
		3DE39421219B5D8D00124B07 /* Main.storyboard in Resources */ = {isa = PBXBuildFile; fileRef = 3DE3941F219B5D8D00124B07 /* Main.storyboard */; };
		3DE39423219B5D8F00124B07 /* Assets.xcassets in Resources */ = {isa = PBXBuildFile; fileRef = 3DE39422219B5D8F00124B07 /* Assets.xcassets */; };
		3DE39426219B5D8F00124B07 /* LaunchScreen.storyboard in Resources */ = {isa = PBXBuildFile; fileRef = 3DE39424219B5D8F00124B07 /* LaunchScreen.storyboard */; };
		3DE39431219B5D8F00124B07 /* ElvesTaskTests.swift in Sources */ = {isa = PBXBuildFile; fileRef = 3DE39430219B5D8F00124B07 /* ElvesTaskTests.swift */; };
		3DE3943C219B5D8F00124B07 /* ElvesTaskUITests.swift in Sources */ = {isa = PBXBuildFile; fileRef = 3DE3943B219B5D8F00124B07 /* ElvesTaskUITests.swift */; };
		3DE3944D219B6D0900124B07 /* LoginRouter.swift in Sources */ = {isa = PBXBuildFile; fileRef = 3DE39449219B6D0900124B07 /* LoginRouter.swift */; };
		3DE3944E219B6D0900124B07 /* LoginViewController.swift in Sources */ = {isa = PBXBuildFile; fileRef = 3DE3944A219B6D0900124B07 /* LoginViewController.swift */; };
		3DE3944F219B6D0900124B07 /* LoginBuilder.swift in Sources */ = {isa = PBXBuildFile; fileRef = 3DE3944B219B6D0900124B07 /* LoginBuilder.swift */; };
		3DE39450219B6D0900124B07 /* LoginViewModel.swift in Sources */ = {isa = PBXBuildFile; fileRef = 3DE3944C219B6D0900124B07 /* LoginViewModel.swift */; };
		3DE39457219B6E1500124B07 /* TaskListRouter.swift in Sources */ = {isa = PBXBuildFile; fileRef = 3DE39453219B6E1500124B07 /* TaskListRouter.swift */; };
		3DE39458219B6E1500124B07 /* TaskListViewController.swift in Sources */ = {isa = PBXBuildFile; fileRef = 3DE39454219B6E1500124B07 /* TaskListViewController.swift */; };
		3DE39459219B6E1500124B07 /* TaskListBuilder.swift in Sources */ = {isa = PBXBuildFile; fileRef = 3DE39455219B6E1500124B07 /* TaskListBuilder.swift */; };
		3DE3945A219B6E1500124B07 /* TaskListViewModel.swift in Sources */ = {isa = PBXBuildFile; fileRef = 3DE39456219B6E1500124B07 /* TaskListViewModel.swift */; };
		3DE3945E219B718700124B07 /* LoginManager.swift in Sources */ = {isa = PBXBuildFile; fileRef = 3DE3945D219B718700124B07 /* LoginManager.swift */; };
		49ADF78745E0C7248370B9C4 /* Pods_ElvesTaskUITests.framework in Frameworks */ = {isa = PBXBuildFile; fileRef = 8810073EA66CE6A714F6D79D /* Pods_ElvesTaskUITests.framework */; };
		A3D6AA71E9E402CB88674B77 /* Pods_ElvesTask.framework in Frameworks */ = {isa = PBXBuildFile; fileRef = C9D6AD09E723BD951C87D91E /* Pods_ElvesTask.framework */; };
		DD87376D09A41390C57D6907 /* Pods_ElvesTaskTests.framework in Frameworks */ = {isa = PBXBuildFile; fileRef = 8AECBAA39018955511A6A012 /* Pods_ElvesTaskTests.framework */; };
/* End PBXBuildFile section */

/* Begin PBXContainerItemProxy section */
		3DE3942D219B5D8F00124B07 /* PBXContainerItemProxy */ = {
			isa = PBXContainerItemProxy;
			containerPortal = 3DE39410219B5D8D00124B07 /* Project object */;
			proxyType = 1;
			remoteGlobalIDString = 3DE39417219B5D8D00124B07;
			remoteInfo = ElvesTask;
		};
		3DE39438219B5D8F00124B07 /* PBXContainerItemProxy */ = {
			isa = PBXContainerItemProxy;
			containerPortal = 3DE39410219B5D8D00124B07 /* Project object */;
			proxyType = 1;
			remoteGlobalIDString = 3DE39417219B5D8D00124B07;
			remoteInfo = ElvesTask;
		};
/* End PBXContainerItemProxy section */

/* Begin PBXFileReference section */
		374BD335F0A7974B3D16E0A1 /* Pods-ElvesTaskTests.debug.xcconfig */ = {isa = PBXFileReference; includeInIndex = 1; lastKnownFileType = text.xcconfig; name = "Pods-ElvesTaskTests.debug.xcconfig"; path = "Pods/Target Support Files/Pods-ElvesTaskTests/Pods-ElvesTaskTests.debug.xcconfig"; sourceTree = "<group>"; };
		3D82BC2F219BCE2100300299 /* TasksResult.swift */ = {isa = PBXFileReference; fileEncoding = 4; lastKnownFileType = sourcecode.swift; path = TasksResult.swift; sourceTree = "<group>"; };
		3D82BC30219BCE2100300299 /* Task.swift */ = {isa = PBXFileReference; fileEncoding = 4; lastKnownFileType = sourcecode.swift; path = Task.swift; sourceTree = "<group>"; };
		3D82BC33219C6D0F00300299 /* TasksManager.swift */ = {isa = PBXFileReference; lastKnownFileType = sourcecode.swift; path = TasksManager.swift; sourceTree = "<group>"; };
		3D82BC36219CAA1700300299 /* SF-UI-Text-Medium.ttf */ = {isa = PBXFileReference; lastKnownFileType = file; path = "SF-UI-Text-Medium.ttf"; sourceTree = "<group>"; };
		3D82BC37219CAA1700300299 /* SF-UI-Text-Semibold.ttf */ = {isa = PBXFileReference; lastKnownFileType = file; path = "SF-UI-Text-Semibold.ttf"; sourceTree = "<group>"; };
		3D82BC38219CAA1700300299 /* SFUIText-Bold.ttf */ = {isa = PBXFileReference; lastKnownFileType = file; path = "SFUIText-Bold.ttf"; sourceTree = "<group>"; };
		3D82BC3A219CAA9500300299 /* SFUIText-Regular.ttf */ = {isa = PBXFileReference; lastKnownFileType = file; path = "SFUIText-Regular.ttf"; sourceTree = "<group>"; };
		3D82BC40219CD2B700300299 /* TaskCell.swift */ = {isa = PBXFileReference; lastKnownFileType = sourcecode.swift; path = TaskCell.swift; sourceTree = "<group>"; };
		3D82BC42219CD2C800300299 /* HeaderCell.swift */ = {isa = PBXFileReference; lastKnownFileType = sourcecode.swift; path = HeaderCell.swift; sourceTree = "<group>"; };
		3D82BC45219CD32000300299 /* ReusableCellView.swift */ = {isa = PBXFileReference; lastKnownFileType = sourcecode.swift; path = ReusableCellView.swift; sourceTree = "<group>"; };
		3DBB590F219DF10C003CEA9E /* Alert.swift */ = {isa = PBXFileReference; lastKnownFileType = sourcecode.swift; path = Alert.swift; sourceTree = "<group>"; };
		3DBB5911219E79AB003CEA9E /* BaseViewController.swift */ = {isa = PBXFileReference; lastKnownFileType = sourcecode.swift; path = BaseViewController.swift; sourceTree = "<group>"; };
		3DD5219B219FABA700C09CCF /* UIImageViewExtension.swift */ = {isa = PBXFileReference; lastKnownFileType = sourcecode.swift; path = UIImageViewExtension.swift; sourceTree = "<group>"; };
		3DD5219D21A05D4800C09CCF /* ViewBorder.swift */ = {isa = PBXFileReference; lastKnownFileType = sourcecode.swift; path = ViewBorder.swift; sourceTree = "<group>"; };
		3DD5219F21A0715500C09CCF /* BaseViewModel.swift */ = {isa = PBXFileReference; lastKnownFileType = sourcecode.swift; path = BaseViewModel.swift; sourceTree = "<group>"; };
		3DD521A121A0EC9A00C09CCF /* Storyboard.swift */ = {isa = PBXFileReference; lastKnownFileType = sourcecode.swift; path = Storyboard.swift; sourceTree = "<group>"; };
		3DD521A521A277F700C09CCF /* DateConverter.swift */ = {isa = PBXFileReference; lastKnownFileType = sourcecode.swift; path = DateConverter.swift; sourceTree = "<group>"; };
		3DD521A921A3126D00C09CCF /* TaskManagerTest.swift */ = {isa = PBXFileReference; lastKnownFileType = sourcecode.swift; path = TaskManagerTest.swift; sourceTree = "<group>"; };
		3DE39418219B5D8D00124B07 /* ElvesTask.app */ = {isa = PBXFileReference; explicitFileType = wrapper.application; includeInIndex = 0; path = ElvesTask.app; sourceTree = BUILT_PRODUCTS_DIR; };
		3DE3941B219B5D8D00124B07 /* AppDelegate.swift */ = {isa = PBXFileReference; lastKnownFileType = sourcecode.swift; path = AppDelegate.swift; sourceTree = "<group>"; };
		3DE39420219B5D8D00124B07 /* Base */ = {isa = PBXFileReference; lastKnownFileType = file.storyboard; name = Base; path = Base.lproj/Main.storyboard; sourceTree = "<group>"; };
		3DE39422219B5D8F00124B07 /* Assets.xcassets */ = {isa = PBXFileReference; lastKnownFileType = folder.assetcatalog; path = Assets.xcassets; sourceTree = "<group>"; };
		3DE39425219B5D8F00124B07 /* Base */ = {isa = PBXFileReference; lastKnownFileType = file.storyboard; name = Base; path = Base.lproj/LaunchScreen.storyboard; sourceTree = "<group>"; };
		3DE39427219B5D8F00124B07 /* Info.plist */ = {isa = PBXFileReference; lastKnownFileType = text.plist.xml; path = Info.plist; sourceTree = "<group>"; };
		3DE3942C219B5D8F00124B07 /* ElvesTaskTests.xctest */ = {isa = PBXFileReference; explicitFileType = wrapper.cfbundle; includeInIndex = 0; path = ElvesTaskTests.xctest; sourceTree = BUILT_PRODUCTS_DIR; };
		3DE39430219B5D8F00124B07 /* ElvesTaskTests.swift */ = {isa = PBXFileReference; lastKnownFileType = sourcecode.swift; path = ElvesTaskTests.swift; sourceTree = "<group>"; };
		3DE39432219B5D8F00124B07 /* Info.plist */ = {isa = PBXFileReference; lastKnownFileType = text.plist.xml; path = Info.plist; sourceTree = "<group>"; };
		3DE39437219B5D8F00124B07 /* ElvesTaskUITests.xctest */ = {isa = PBXFileReference; explicitFileType = wrapper.cfbundle; includeInIndex = 0; path = ElvesTaskUITests.xctest; sourceTree = BUILT_PRODUCTS_DIR; };
		3DE3943B219B5D8F00124B07 /* ElvesTaskUITests.swift */ = {isa = PBXFileReference; lastKnownFileType = sourcecode.swift; path = ElvesTaskUITests.swift; sourceTree = "<group>"; };
		3DE3943D219B5D8F00124B07 /* Info.plist */ = {isa = PBXFileReference; lastKnownFileType = text.plist.xml; path = Info.plist; sourceTree = "<group>"; };
		3DE39449219B6D0900124B07 /* LoginRouter.swift */ = {isa = PBXFileReference; lastKnownFileType = sourcecode.swift; path = LoginRouter.swift; sourceTree = "<group>"; };
		3DE3944A219B6D0900124B07 /* LoginViewController.swift */ = {isa = PBXFileReference; lastKnownFileType = sourcecode.swift; path = LoginViewController.swift; sourceTree = "<group>"; };
		3DE3944B219B6D0900124B07 /* LoginBuilder.swift */ = {isa = PBXFileReference; lastKnownFileType = sourcecode.swift; path = LoginBuilder.swift; sourceTree = "<group>"; };
		3DE3944C219B6D0900124B07 /* LoginViewModel.swift */ = {isa = PBXFileReference; lastKnownFileType = sourcecode.swift; path = LoginViewModel.swift; sourceTree = "<group>"; };
		3DE39453219B6E1500124B07 /* TaskListRouter.swift */ = {isa = PBXFileReference; lastKnownFileType = sourcecode.swift; path = TaskListRouter.swift; sourceTree = "<group>"; };
		3DE39454219B6E1500124B07 /* TaskListViewController.swift */ = {isa = PBXFileReference; lastKnownFileType = sourcecode.swift; path = TaskListViewController.swift; sourceTree = "<group>"; };
		3DE39455219B6E1500124B07 /* TaskListBuilder.swift */ = {isa = PBXFileReference; lastKnownFileType = sourcecode.swift; path = TaskListBuilder.swift; sourceTree = "<group>"; };
		3DE39456219B6E1500124B07 /* TaskListViewModel.swift */ = {isa = PBXFileReference; lastKnownFileType = sourcecode.swift; path = TaskListViewModel.swift; sourceTree = "<group>"; };
		3DE3945D219B718700124B07 /* LoginManager.swift */ = {isa = PBXFileReference; lastKnownFileType = sourcecode.swift; path = LoginManager.swift; sourceTree = "<group>"; };
		7D963A4825E94FC5B9D4A3D5 /* Pods-ElvesTaskUITests.release.xcconfig */ = {isa = PBXFileReference; includeInIndex = 1; lastKnownFileType = text.xcconfig; name = "Pods-ElvesTaskUITests.release.xcconfig"; path = "Pods/Target Support Files/Pods-ElvesTaskUITests/Pods-ElvesTaskUITests.release.xcconfig"; sourceTree = "<group>"; };
		7FA973B8BDDA271A848968C2 /* Pods-ElvesTask.debug.xcconfig */ = {isa = PBXFileReference; includeInIndex = 1; lastKnownFileType = text.xcconfig; name = "Pods-ElvesTask.debug.xcconfig"; path = "Pods/Target Support Files/Pods-ElvesTask/Pods-ElvesTask.debug.xcconfig"; sourceTree = "<group>"; };
		8810073EA66CE6A714F6D79D /* Pods_ElvesTaskUITests.framework */ = {isa = PBXFileReference; explicitFileType = wrapper.framework; includeInIndex = 0; path = Pods_ElvesTaskUITests.framework; sourceTree = BUILT_PRODUCTS_DIR; };
		8AECBAA39018955511A6A012 /* Pods_ElvesTaskTests.framework */ = {isa = PBXFileReference; explicitFileType = wrapper.framework; includeInIndex = 0; path = Pods_ElvesTaskTests.framework; sourceTree = BUILT_PRODUCTS_DIR; };
		ABA273E0A377D38044DB8723 /* Pods-ElvesTaskTests.release.xcconfig */ = {isa = PBXFileReference; includeInIndex = 1; lastKnownFileType = text.xcconfig; name = "Pods-ElvesTaskTests.release.xcconfig"; path = "Pods/Target Support Files/Pods-ElvesTaskTests/Pods-ElvesTaskTests.release.xcconfig"; sourceTree = "<group>"; };
		C7CAA4E2FC20EB127DC480B6 /* Pods-ElvesTaskUITests.debug.xcconfig */ = {isa = PBXFileReference; includeInIndex = 1; lastKnownFileType = text.xcconfig; name = "Pods-ElvesTaskUITests.debug.xcconfig"; path = "Pods/Target Support Files/Pods-ElvesTaskUITests/Pods-ElvesTaskUITests.debug.xcconfig"; sourceTree = "<group>"; };
		C9D6AD09E723BD951C87D91E /* Pods_ElvesTask.framework */ = {isa = PBXFileReference; explicitFileType = wrapper.framework; includeInIndex = 0; path = Pods_ElvesTask.framework; sourceTree = BUILT_PRODUCTS_DIR; };
		F0B548DBF31805EF90784989 /* Pods-ElvesTask.release.xcconfig */ = {isa = PBXFileReference; includeInIndex = 1; lastKnownFileType = text.xcconfig; name = "Pods-ElvesTask.release.xcconfig"; path = "Pods/Target Support Files/Pods-ElvesTask/Pods-ElvesTask.release.xcconfig"; sourceTree = "<group>"; };
/* End PBXFileReference section */

/* Begin PBXFrameworksBuildPhase section */
		3DE39415219B5D8D00124B07 /* Frameworks */ = {
			isa = PBXFrameworksBuildPhase;
			buildActionMask = 2147483647;
			files = (
				A3D6AA71E9E402CB88674B77 /* Pods_ElvesTask.framework in Frameworks */,
			);
			runOnlyForDeploymentPostprocessing = 0;
		};
		3DE39429219B5D8F00124B07 /* Frameworks */ = {
			isa = PBXFrameworksBuildPhase;
			buildActionMask = 2147483647;
			files = (
				DD87376D09A41390C57D6907 /* Pods_ElvesTaskTests.framework in Frameworks */,
			);
			runOnlyForDeploymentPostprocessing = 0;
		};
		3DE39434219B5D8F00124B07 /* Frameworks */ = {
			isa = PBXFrameworksBuildPhase;
			buildActionMask = 2147483647;
			files = (
				49ADF78745E0C7248370B9C4 /* Pods_ElvesTaskUITests.framework in Frameworks */,
			);
			runOnlyForDeploymentPostprocessing = 0;
		};
/* End PBXFrameworksBuildPhase section */

/* Begin PBXGroup section */
		3D82BC2E219BCE2100300299 /* Models */ = {
			isa = PBXGroup;
			children = (
				3D82BC2F219BCE2100300299 /* TasksResult.swift */,
				3D82BC30219BCE2100300299 /* Task.swift */,
			);
			path = Models;
			sourceTree = "<group>";
		};
		3D82BC35219CA9F200300299 /* Fonts */ = {
			isa = PBXGroup;
			children = (
				3D82BC36219CAA1700300299 /* SF-UI-Text-Medium.ttf */,
				3D82BC37219CAA1700300299 /* SF-UI-Text-Semibold.ttf */,
				3D82BC3A219CAA9500300299 /* SFUIText-Regular.ttf */,
				3D82BC38219CAA1700300299 /* SFUIText-Bold.ttf */,
			);
			path = Fonts;
			sourceTree = "<group>";
		};
		3D82BC3F219CD05100300299 /* Cell */ = {
			isa = PBXGroup;
			children = (
				3D82BC40219CD2B700300299 /* TaskCell.swift */,
				3D82BC42219CD2C800300299 /* HeaderCell.swift */,
			);
			path = Cell;
			sourceTree = "<group>";
		};
		3D82BC44219CD31200300299 /* Common */ = {
			isa = PBXGroup;
			children = (
				3D82BC45219CD32000300299 /* ReusableCellView.swift */,
				3DBB590F219DF10C003CEA9E /* Alert.swift */,
				3DD5219B219FABA700C09CCF /* UIImageViewExtension.swift */,
				3DD5219D21A05D4800C09CCF /* ViewBorder.swift */,
				3DD521A121A0EC9A00C09CCF /* Storyboard.swift */,
				3DD521A521A277F700C09CCF /* DateConverter.swift */,
			);
			path = Common;
			sourceTree = "<group>";
		};
		3DE3940F219B5D8D00124B07 = {
			isa = PBXGroup;
			children = (
				3DE3941A219B5D8D00124B07 /* ElvesTask */,
				3DE3942F219B5D8F00124B07 /* ElvesTaskTests */,
				3DE3943A219B5D8F00124B07 /* ElvesTaskUITests */,
				3DE39419219B5D8D00124B07 /* Products */,
				AA17808589551D394B4E273F /* Pods */,
				EC89A28052FA754F85D0E16E /* Frameworks */,
			);
			sourceTree = "<group>";
		};
		3DE39419219B5D8D00124B07 /* Products */ = {
			isa = PBXGroup;
			children = (
				3DE39418219B5D8D00124B07 /* ElvesTask.app */,
				3DE3942C219B5D8F00124B07 /* ElvesTaskTests.xctest */,
				3DE39437219B5D8F00124B07 /* ElvesTaskUITests.xctest */,
			);
			name = Products;
			sourceTree = "<group>";
		};
		3DE3941A219B5D8D00124B07 /* ElvesTask */ = {
			isa = PBXGroup;
			children = (
				3D82BC44219CD31200300299 /* Common */,
				3D82BC35219CA9F200300299 /* Fonts */,
				3D82BC2E219BCE2100300299 /* Models */,
				3DE3945C219B713000124B07 /* Manager */,
				3DE39451219B6D1000124B07 /* Scene */,
				3DE3941B219B5D8D00124B07 /* AppDelegate.swift */,
				3DE3941F219B5D8D00124B07 /* Main.storyboard */,
				3DE39422219B5D8F00124B07 /* Assets.xcassets */,
				3DE39424219B5D8F00124B07 /* LaunchScreen.storyboard */,
				3DE39427219B5D8F00124B07 /* Info.plist */,
			);
			path = ElvesTask;
			sourceTree = "<group>";
		};
		3DE3942F219B5D8F00124B07 /* ElvesTaskTests */ = {
			isa = PBXGroup;
			children = (
				3DE39430219B5D8F00124B07 /* ElvesTaskTests.swift */,
				3DE39432219B5D8F00124B07 /* Info.plist */,
				3DD521A921A3126D00C09CCF /* TaskManagerTest.swift */,
			);
			path = ElvesTaskTests;
			sourceTree = "<group>";
		};
		3DE3943A219B5D8F00124B07 /* ElvesTaskUITests */ = {
			isa = PBXGroup;
			children = (
				3DE3943B219B5D8F00124B07 /* ElvesTaskUITests.swift */,
				3DE3943D219B5D8F00124B07 /* Info.plist */,
			);
			path = ElvesTaskUITests;
			sourceTree = "<group>";
		};
		3DE39451219B6D1000124B07 /* Scene */ = {
			isa = PBXGroup;
			children = (
				3DE39452219B6D2A00124B07 /* Login */,
				3DE3945B219B6FE000124B07 /* TaskList */,
				3DBB5911219E79AB003CEA9E /* BaseViewController.swift */,
				3DD5219F21A0715500C09CCF /* BaseViewModel.swift */,
			);
			path = Scene;
			sourceTree = "<group>";
		};
		3DE39452219B6D2A00124B07 /* Login */ = {
			isa = PBXGroup;
			children = (
				3DE39449219B6D0900124B07 /* LoginRouter.swift */,
				3DE3944A219B6D0900124B07 /* LoginViewController.swift */,
				3DE3944B219B6D0900124B07 /* LoginBuilder.swift */,
				3DE3944C219B6D0900124B07 /* LoginViewModel.swift */,
			);
			path = Login;
			sourceTree = "<group>";
		};
		3DE3945B219B6FE000124B07 /* TaskList */ = {
			isa = PBXGroup;
			children = (
				3D82BC3F219CD05100300299 /* Cell */,
				3DE39453219B6E1500124B07 /* TaskListRouter.swift */,
				3DE39454219B6E1500124B07 /* TaskListViewController.swift */,
				3DE39455219B6E1500124B07 /* TaskListBuilder.swift */,
				3DE39456219B6E1500124B07 /* TaskListViewModel.swift */,
			);
			path = TaskList;
			sourceTree = "<group>";
		};
		3DE3945C219B713000124B07 /* Manager */ = {
			isa = PBXGroup;
			children = (
				3DE3945D219B718700124B07 /* LoginManager.swift */,
				3D82BC33219C6D0F00300299 /* TasksManager.swift */,
			);
			path = Manager;
			sourceTree = "<group>";
		};
		AA17808589551D394B4E273F /* Pods */ = {
			isa = PBXGroup;
			children = (
				7FA973B8BDDA271A848968C2 /* Pods-ElvesTask.debug.xcconfig */,
				F0B548DBF31805EF90784989 /* Pods-ElvesTask.release.xcconfig */,
				374BD335F0A7974B3D16E0A1 /* Pods-ElvesTaskTests.debug.xcconfig */,
				ABA273E0A377D38044DB8723 /* Pods-ElvesTaskTests.release.xcconfig */,
				C7CAA4E2FC20EB127DC480B6 /* Pods-ElvesTaskUITests.debug.xcconfig */,
				7D963A4825E94FC5B9D4A3D5 /* Pods-ElvesTaskUITests.release.xcconfig */,
			);
			name = Pods;
			sourceTree = "<group>";
		};
		EC89A28052FA754F85D0E16E /* Frameworks */ = {
			isa = PBXGroup;
			children = (
				C9D6AD09E723BD951C87D91E /* Pods_ElvesTask.framework */,
				8AECBAA39018955511A6A012 /* Pods_ElvesTaskTests.framework */,
				8810073EA66CE6A714F6D79D /* Pods_ElvesTaskUITests.framework */,
			);
			name = Frameworks;
			sourceTree = "<group>";
		};
/* End PBXGroup section */

/* Begin PBXNativeTarget section */
		3DE39417219B5D8D00124B07 /* ElvesTask */ = {
			isa = PBXNativeTarget;
			buildConfigurationList = 3DE39440219B5D8F00124B07 /* Build configuration list for PBXNativeTarget "ElvesTask" */;
			buildPhases = (
				A992E6472B3C1F631382DF27 /* [CP] Check Pods Manifest.lock */,
				3DE39414219B5D8D00124B07 /* Sources */,
				3DE39415219B5D8D00124B07 /* Frameworks */,
				3DE39416219B5D8D00124B07 /* Resources */,
				F63B69A4034ED82E3DB5C66E /* [CP] Embed Pods Frameworks */,
			);
			buildRules = (
			);
			dependencies = (
			);
			name = ElvesTask;
			productName = ElvesTask;
			productReference = 3DE39418219B5D8D00124B07 /* ElvesTask.app */;
			productType = "com.apple.product-type.application";
		};
		3DE3942B219B5D8F00124B07 /* ElvesTaskTests */ = {
			isa = PBXNativeTarget;
			buildConfigurationList = 3DE39443219B5D8F00124B07 /* Build configuration list for PBXNativeTarget "ElvesTaskTests" */;
			buildPhases = (
				565A44C43D1DDCD388705AD1 /* [CP] Check Pods Manifest.lock */,
				3DE39428219B5D8F00124B07 /* Sources */,
				3DE39429219B5D8F00124B07 /* Frameworks */,
				3DE3942A219B5D8F00124B07 /* Resources */,
			);
			buildRules = (
			);
			dependencies = (
				3DE3942E219B5D8F00124B07 /* PBXTargetDependency */,
			);
			name = ElvesTaskTests;
			productName = ElvesTaskTests;
			productReference = 3DE3942C219B5D8F00124B07 /* ElvesTaskTests.xctest */;
			productType = "com.apple.product-type.bundle.unit-test";
		};
		3DE39436219B5D8F00124B07 /* ElvesTaskUITests */ = {
			isa = PBXNativeTarget;
			buildConfigurationList = 3DE39446219B5D8F00124B07 /* Build configuration list for PBXNativeTarget "ElvesTaskUITests" */;
			buildPhases = (
				11856A0E60F3D4523F498F72 /* [CP] Check Pods Manifest.lock */,
				3DE39433219B5D8F00124B07 /* Sources */,
				3DE39434219B5D8F00124B07 /* Frameworks */,
				3DE39435219B5D8F00124B07 /* Resources */,
				C2C4746ED9B588F67C6DC629 /* [CP] Embed Pods Frameworks */,
			);
			buildRules = (
			);
			dependencies = (
				3DE39439219B5D8F00124B07 /* PBXTargetDependency */,
			);
			name = ElvesTaskUITests;
			productName = ElvesTaskUITests;
			productReference = 3DE39437219B5D8F00124B07 /* ElvesTaskUITests.xctest */;
			productType = "com.apple.product-type.bundle.ui-testing";
		};
/* End PBXNativeTarget section */

/* Begin PBXProject section */
		3DE39410219B5D8D00124B07 /* Project object */ = {
			isa = PBXProject;
			attributes = {
				LastSwiftUpdateCheck = 1010;
				LastUpgradeCheck = 1010;
				ORGANIZATIONNAME = BinaryBoy;
				TargetAttributes = {
					3DE39417219B5D8D00124B07 = {
						CreatedOnToolsVersion = 10.1;
					};
					3DE3942B219B5D8F00124B07 = {
						CreatedOnToolsVersion = 10.1;
						TestTargetID = 3DE39417219B5D8D00124B07;
					};
					3DE39436219B5D8F00124B07 = {
						CreatedOnToolsVersion = 10.1;
						TestTargetID = 3DE39417219B5D8D00124B07;
					};
				};
			};
			buildConfigurationList = 3DE39413219B5D8D00124B07 /* Build configuration list for PBXProject "ElvesTask" */;
			compatibilityVersion = "Xcode 9.3";
			developmentRegion = en;
			hasScannedForEncodings = 0;
			knownRegions = (
				en,
				Base,
			);
			mainGroup = 3DE3940F219B5D8D00124B07;
			productRefGroup = 3DE39419219B5D8D00124B07 /* Products */;
			projectDirPath = "";
			projectRoot = "";
			targets = (
				3DE39417219B5D8D00124B07 /* ElvesTask */,
				3DE3942B219B5D8F00124B07 /* ElvesTaskTests */,
				3DE39436219B5D8F00124B07 /* ElvesTaskUITests */,
			);
		};
/* End PBXProject section */

/* Begin PBXResourcesBuildPhase section */
		3DE39416219B5D8D00124B07 /* Resources */ = {
			isa = PBXResourcesBuildPhase;
			buildActionMask = 2147483647;
			files = (
				3D82BC3E219CAAC000300299 /* SFUIText-Bold.ttf in Resources */,
				3DE39426219B5D8F00124B07 /* LaunchScreen.storyboard in Resources */,
				3D82BC3B219CAAC000300299 /* SF-UI-Text-Medium.ttf in Resources */,
				3DE39423219B5D8F00124B07 /* Assets.xcassets in Resources */,
				3D82BC3D219CAAC000300299 /* SFUIText-Regular.ttf in Resources */,
				3DE39421219B5D8D00124B07 /* Main.storyboard in Resources */,
				3D82BC3C219CAAC000300299 /* SF-UI-Text-Semibold.ttf in Resources */,
			);
			runOnlyForDeploymentPostprocessing = 0;
		};
		3DE3942A219B5D8F00124B07 /* Resources */ = {
			isa = PBXResourcesBuildPhase;
			buildActionMask = 2147483647;
			files = (
			);
			runOnlyForDeploymentPostprocessing = 0;
		};
		3DE39435219B5D8F00124B07 /* Resources */ = {
			isa = PBXResourcesBuildPhase;
			buildActionMask = 2147483647;
			files = (
			);
			runOnlyForDeploymentPostprocessing = 0;
		};
/* End PBXResourcesBuildPhase section */

/* Begin PBXShellScriptBuildPhase section */
		11856A0E60F3D4523F498F72 /* [CP] Check Pods Manifest.lock */ = {
			isa = PBXShellScriptBuildPhase;
			buildActionMask = 2147483647;
			files = (
			);
			inputPaths = (
				"${PODS_PODFILE_DIR_PATH}/Podfile.lock",
				"${PODS_ROOT}/Manifest.lock",
			);
			name = "[CP] Check Pods Manifest.lock";
			outputPaths = (
				"$(DERIVED_FILE_DIR)/Pods-ElvesTaskUITests-checkManifestLockResult.txt",
			);
			runOnlyForDeploymentPostprocessing = 0;
			shellPath = /bin/sh;
			shellScript = "diff \"${PODS_PODFILE_DIR_PATH}/Podfile.lock\" \"${PODS_ROOT}/Manifest.lock\" > /dev/null\nif [ $? != 0 ] ; then\n    # print error to STDERR\n    echo \"error: The sandbox is not in sync with the Podfile.lock. Run 'pod install' or update your CocoaPods installation.\" >&2\n    exit 1\nfi\n# This output is used by Xcode 'outputs' to avoid re-running this script phase.\necho \"SUCCESS\" > \"${SCRIPT_OUTPUT_FILE_0}\"\n";
			showEnvVarsInLog = 0;
		};
		565A44C43D1DDCD388705AD1 /* [CP] Check Pods Manifest.lock */ = {
			isa = PBXShellScriptBuildPhase;
			buildActionMask = 2147483647;
			files = (
			);
			inputPaths = (
				"${PODS_PODFILE_DIR_PATH}/Podfile.lock",
				"${PODS_ROOT}/Manifest.lock",
			);
			name = "[CP] Check Pods Manifest.lock";
			outputPaths = (
				"$(DERIVED_FILE_DIR)/Pods-ElvesTaskTests-checkManifestLockResult.txt",
			);
			runOnlyForDeploymentPostprocessing = 0;
			shellPath = /bin/sh;
			shellScript = "diff \"${PODS_PODFILE_DIR_PATH}/Podfile.lock\" \"${PODS_ROOT}/Manifest.lock\" > /dev/null\nif [ $? != 0 ] ; then\n    # print error to STDERR\n    echo \"error: The sandbox is not in sync with the Podfile.lock. Run 'pod install' or update your CocoaPods installation.\" >&2\n    exit 1\nfi\n# This output is used by Xcode 'outputs' to avoid re-running this script phase.\necho \"SUCCESS\" > \"${SCRIPT_OUTPUT_FILE_0}\"\n";
			showEnvVarsInLog = 0;
		};
		A992E6472B3C1F631382DF27 /* [CP] Check Pods Manifest.lock */ = {
			isa = PBXShellScriptBuildPhase;
			buildActionMask = 2147483647;
			files = (
			);
			inputPaths = (
				"${PODS_PODFILE_DIR_PATH}/Podfile.lock",
				"${PODS_ROOT}/Manifest.lock",
			);
			name = "[CP] Check Pods Manifest.lock";
			outputPaths = (
				"$(DERIVED_FILE_DIR)/Pods-ElvesTask-checkManifestLockResult.txt",
			);
			runOnlyForDeploymentPostprocessing = 0;
			shellPath = /bin/sh;
			shellScript = "diff \"${PODS_PODFILE_DIR_PATH}/Podfile.lock\" \"${PODS_ROOT}/Manifest.lock\" > /dev/null\nif [ $? != 0 ] ; then\n    # print error to STDERR\n    echo \"error: The sandbox is not in sync with the Podfile.lock. Run 'pod install' or update your CocoaPods installation.\" >&2\n    exit 1\nfi\n# This output is used by Xcode 'outputs' to avoid re-running this script phase.\necho \"SUCCESS\" > \"${SCRIPT_OUTPUT_FILE_0}\"\n";
			showEnvVarsInLog = 0;
		};
		C2C4746ED9B588F67C6DC629 /* [CP] Embed Pods Frameworks */ = {
			isa = PBXShellScriptBuildPhase;
			buildActionMask = 2147483647;
			files = (
			);
			inputPaths = (
				"${SRCROOT}/Pods/Target Support Files/Pods-ElvesTaskUITests/Pods-ElvesTaskUITests-frameworks.sh",
				"${BUILT_PRODUCTS_DIR}/Nimble/Nimble.framework",
				"${BUILT_PRODUCTS_DIR}/Quick/Quick.framework",
			);
			name = "[CP] Embed Pods Frameworks";
			outputPaths = (
				"${TARGET_BUILD_DIR}/${FRAMEWORKS_FOLDER_PATH}/Nimble.framework",
				"${TARGET_BUILD_DIR}/${FRAMEWORKS_FOLDER_PATH}/Quick.framework",
			);
			runOnlyForDeploymentPostprocessing = 0;
			shellPath = /bin/sh;
			shellScript = "\"${SRCROOT}/Pods/Target Support Files/Pods-ElvesTaskUITests/Pods-ElvesTaskUITests-frameworks.sh\"\n";
			showEnvVarsInLog = 0;
		};
		F63B69A4034ED82E3DB5C66E /* [CP] Embed Pods Frameworks */ = {
			isa = PBXShellScriptBuildPhase;
			buildActionMask = 2147483647;
			files = (
			);
			inputPaths = (
				"${SRCROOT}/Pods/Target Support Files/Pods-ElvesTask/Pods-ElvesTask-frameworks.sh",
				"${BUILT_PRODUCTS_DIR}/Alamofire/Alamofire.framework",
				"${BUILT_PRODUCTS_DIR}/AlamofireImage/AlamofireImage.framework",
				"${BUILT_PRODUCTS_DIR}/AlamofireNetworkActivityIndicator/AlamofireNetworkActivityIndicator.framework",
				"${BUILT_PRODUCTS_DIR}/Bolts/Bolts.framework",
				"${BUILT_PRODUCTS_DIR}/FBSDKCoreKit/FBSDKCoreKit.framework",
				"${BUILT_PRODUCTS_DIR}/FBSDKLoginKit/FBSDKLoginKit.framework",
				"${BUILT_PRODUCTS_DIR}/FacebookCore/FacebookCore.framework",
				"${BUILT_PRODUCTS_DIR}/FacebookLogin/FacebookLogin.framework",
				"${BUILT_PRODUCTS_DIR}/KeychainSwift/KeychainSwift.framework",
				"${BUILT_PRODUCTS_DIR}/NVActivityIndicatorView/NVActivityIndicatorView.framework",
				"${BUILT_PRODUCTS_DIR}/PKHUD/PKHUD.framework",
				"${BUILT_PRODUCTS_DIR}/RxAtomic/RxAtomic.framework",
				"${BUILT_PRODUCTS_DIR}/RxCocoa/RxCocoa.framework",
				"${BUILT_PRODUCTS_DIR}/RxSwift/RxSwift.framework",
				"${BUILT_PRODUCTS_DIR}/SwiftMessages/SwiftMessages.framework",
			);
			name = "[CP] Embed Pods Frameworks";
			outputPaths = (
				"${TARGET_BUILD_DIR}/${FRAMEWORKS_FOLDER_PATH}/Alamofire.framework",
				"${TARGET_BUILD_DIR}/${FRAMEWORKS_FOLDER_PATH}/AlamofireImage.framework",
				"${TARGET_BUILD_DIR}/${FRAMEWORKS_FOLDER_PATH}/AlamofireNetworkActivityIndicator.framework",
				"${TARGET_BUILD_DIR}/${FRAMEWORKS_FOLDER_PATH}/Bolts.framework",
				"${TARGET_BUILD_DIR}/${FRAMEWORKS_FOLDER_PATH}/FBSDKCoreKit.framework",
				"${TARGET_BUILD_DIR}/${FRAMEWORKS_FOLDER_PATH}/FBSDKLoginKit.framework",
				"${TARGET_BUILD_DIR}/${FRAMEWORKS_FOLDER_PATH}/FacebookCore.framework",
				"${TARGET_BUILD_DIR}/${FRAMEWORKS_FOLDER_PATH}/FacebookLogin.framework",
				"${TARGET_BUILD_DIR}/${FRAMEWORKS_FOLDER_PATH}/KeychainSwift.framework",
				"${TARGET_BUILD_DIR}/${FRAMEWORKS_FOLDER_PATH}/NVActivityIndicatorView.framework",
				"${TARGET_BUILD_DIR}/${FRAMEWORKS_FOLDER_PATH}/PKHUD.framework",
				"${TARGET_BUILD_DIR}/${FRAMEWORKS_FOLDER_PATH}/RxAtomic.framework",
				"${TARGET_BUILD_DIR}/${FRAMEWORKS_FOLDER_PATH}/RxCocoa.framework",
				"${TARGET_BUILD_DIR}/${FRAMEWORKS_FOLDER_PATH}/RxSwift.framework",
				"${TARGET_BUILD_DIR}/${FRAMEWORKS_FOLDER_PATH}/SwiftMessages.framework",
			);
			runOnlyForDeploymentPostprocessing = 0;
			shellPath = /bin/sh;
			shellScript = "\"${SRCROOT}/Pods/Target Support Files/Pods-ElvesTask/Pods-ElvesTask-frameworks.sh\"\n";
			showEnvVarsInLog = 0;
		};
/* End PBXShellScriptBuildPhase section */

/* Begin PBXSourcesBuildPhase section */
		3DE39414219B5D8D00124B07 /* Sources */ = {
			isa = PBXSourcesBuildPhase;
			buildActionMask = 2147483647;
			files = (
				3DE3944E219B6D0900124B07 /* LoginViewController.swift in Sources */,
				3D82BC43219CD2C800300299 /* HeaderCell.swift in Sources */,
				3D82BC34219C6D0F00300299 /* TasksManager.swift in Sources */,
				3DBB5910219DF10C003CEA9E /* Alert.swift in Sources */,
				3DD5219E21A05D4800C09CCF /* ViewBorder.swift in Sources */,
				3DE39450219B6D0900124B07 /* LoginViewModel.swift in Sources */,
				3DBB5912219E79AB003CEA9E /* BaseViewController.swift in Sources */,
				3DE3944F219B6D0900124B07 /* LoginBuilder.swift in Sources */,
				3D82BC46219CD32000300299 /* ReusableCellView.swift in Sources */,
				3D82BC31219BCE2100300299 /* TasksResult.swift in Sources */,
				3D82BC32219BCE2100300299 /* Task.swift in Sources */,
				3DE3941C219B5D8D00124B07 /* AppDelegate.swift in Sources */,
				3DD521A221A0EC9A00C09CCF /* Storyboard.swift in Sources */,
				3DD521A621A277F700C09CCF /* DateConverter.swift in Sources */,
				3DE39459219B6E1500124B07 /* TaskListBuilder.swift in Sources */,
				3D82BC41219CD2B700300299 /* TaskCell.swift in Sources */,
				3DD5219C219FABA700C09CCF /* UIImageViewExtension.swift in Sources */,
				3DE3945E219B718700124B07 /* LoginManager.swift in Sources */,
				3DE39458219B6E1500124B07 /* TaskListViewController.swift in Sources */,
				3DD521A021A0715500C09CCF /* BaseViewModel.swift in Sources */,
				3DE3945A219B6E1500124B07 /* TaskListViewModel.swift in Sources */,
				3DE3944D219B6D0900124B07 /* LoginRouter.swift in Sources */,
				3DE39457219B6E1500124B07 /* TaskListRouter.swift in Sources */,
			);
			runOnlyForDeploymentPostprocessing = 0;
		};
		3DE39428219B5D8F00124B07 /* Sources */ = {
			isa = PBXSourcesBuildPhase;
			buildActionMask = 2147483647;
			files = (
				3DE39431219B5D8F00124B07 /* ElvesTaskTests.swift in Sources */,
				3DD521AA21A3126D00C09CCF /* TaskManagerTest.swift in Sources */,
			);
			runOnlyForDeploymentPostprocessing = 0;
		};
		3DE39433219B5D8F00124B07 /* Sources */ = {
			isa = PBXSourcesBuildPhase;
			buildActionMask = 2147483647;
			files = (
				3DE3943C219B5D8F00124B07 /* ElvesTaskUITests.swift in Sources */,
			);
			runOnlyForDeploymentPostprocessing = 0;
		};
/* End PBXSourcesBuildPhase section */

/* Begin PBXTargetDependency section */
		3DE3942E219B5D8F00124B07 /* PBXTargetDependency */ = {
			isa = PBXTargetDependency;
			target = 3DE39417219B5D8D00124B07 /* ElvesTask */;
			targetProxy = 3DE3942D219B5D8F00124B07 /* PBXContainerItemProxy */;
		};
		3DE39439219B5D8F00124B07 /* PBXTargetDependency */ = {
			isa = PBXTargetDependency;
			target = 3DE39417219B5D8D00124B07 /* ElvesTask */;
			targetProxy = 3DE39438219B5D8F00124B07 /* PBXContainerItemProxy */;
		};
/* End PBXTargetDependency section */

/* Begin PBXVariantGroup section */
		3DE3941F219B5D8D00124B07 /* Main.storyboard */ = {
			isa = PBXVariantGroup;
			children = (
				3DE39420219B5D8D00124B07 /* Base */,
			);
			name = Main.storyboard;
			sourceTree = "<group>";
		};
		3DE39424219B5D8F00124B07 /* LaunchScreen.storyboard */ = {
			isa = PBXVariantGroup;
			children = (
				3DE39425219B5D8F00124B07 /* Base */,
			);
			name = LaunchScreen.storyboard;
			sourceTree = "<group>";
		};
/* End PBXVariantGroup section */

/* Begin XCBuildConfiguration section */
		3DE3943E219B5D8F00124B07 /* Debug */ = {
			isa = XCBuildConfiguration;
			buildSettings = {
				ALWAYS_SEARCH_USER_PATHS = NO;
				CLANG_ANALYZER_NONNULL = YES;
				CLANG_ANALYZER_NUMBER_OBJECT_CONVERSION = YES_AGGRESSIVE;
				CLANG_CXX_LANGUAGE_STANDARD = "gnu++14";
				CLANG_CXX_LIBRARY = "libc++";
				CLANG_ENABLE_MODULES = YES;
				CLANG_ENABLE_OBJC_ARC = YES;
				CLANG_ENABLE_OBJC_WEAK = YES;
				CLANG_WARN_BLOCK_CAPTURE_AUTORELEASING = YES;
				CLANG_WARN_BOOL_CONVERSION = YES;
				CLANG_WARN_COMMA = YES;
				CLANG_WARN_CONSTANT_CONVERSION = YES;
				CLANG_WARN_DEPRECATED_OBJC_IMPLEMENTATIONS = YES;
				CLANG_WARN_DIRECT_OBJC_ISA_USAGE = YES_ERROR;
				CLANG_WARN_DOCUMENTATION_COMMENTS = YES;
				CLANG_WARN_EMPTY_BODY = YES;
				CLANG_WARN_ENUM_CONVERSION = YES;
				CLANG_WARN_INFINITE_RECURSION = YES;
				CLANG_WARN_INT_CONVERSION = YES;
				CLANG_WARN_NON_LITERAL_NULL_CONVERSION = YES;
				CLANG_WARN_OBJC_IMPLICIT_RETAIN_SELF = YES;
				CLANG_WARN_OBJC_LITERAL_CONVERSION = YES;
				CLANG_WARN_OBJC_ROOT_CLASS = YES_ERROR;
				CLANG_WARN_RANGE_LOOP_ANALYSIS = YES;
				CLANG_WARN_STRICT_PROTOTYPES = YES;
				CLANG_WARN_SUSPICIOUS_MOVE = YES;
				CLANG_WARN_UNGUARDED_AVAILABILITY = YES_AGGRESSIVE;
				CLANG_WARN_UNREACHABLE_CODE = YES;
				CLANG_WARN__DUPLICATE_METHOD_MATCH = YES;
				CODE_SIGN_IDENTITY = "iPhone Developer";
				COPY_PHASE_STRIP = NO;
				DEBUG_INFORMATION_FORMAT = dwarf;
				ENABLE_STRICT_OBJC_MSGSEND = YES;
				ENABLE_TESTABILITY = YES;
				GCC_C_LANGUAGE_STANDARD = gnu11;
				GCC_DYNAMIC_NO_PIC = NO;
				GCC_NO_COMMON_BLOCKS = YES;
				GCC_OPTIMIZATION_LEVEL = 0;
				GCC_PREPROCESSOR_DEFINITIONS = (
					"DEBUG=1",
					"$(inherited)",
				);
				GCC_WARN_64_TO_32_BIT_CONVERSION = YES;
				GCC_WARN_ABOUT_RETURN_TYPE = YES_ERROR;
				GCC_WARN_UNDECLARED_SELECTOR = YES;
				GCC_WARN_UNINITIALIZED_AUTOS = YES_AGGRESSIVE;
				GCC_WARN_UNUSED_FUNCTION = YES;
				GCC_WARN_UNUSED_VARIABLE = YES;
				IPHONEOS_DEPLOYMENT_TARGET = 12.1;
				MTL_ENABLE_DEBUG_INFO = INCLUDE_SOURCE;
				MTL_FAST_MATH = YES;
				ONLY_ACTIVE_ARCH = YES;
				SDKROOT = iphoneos;
				SWIFT_ACTIVE_COMPILATION_CONDITIONS = DEBUG;
				SWIFT_OPTIMIZATION_LEVEL = "-Onone";
			};
			name = Debug;
		};
		3DE3943F219B5D8F00124B07 /* Release */ = {
			isa = XCBuildConfiguration;
			buildSettings = {
				ALWAYS_SEARCH_USER_PATHS = NO;
				CLANG_ANALYZER_NONNULL = YES;
				CLANG_ANALYZER_NUMBER_OBJECT_CONVERSION = YES_AGGRESSIVE;
				CLANG_CXX_LANGUAGE_STANDARD = "gnu++14";
				CLANG_CXX_LIBRARY = "libc++";
				CLANG_ENABLE_MODULES = YES;
				CLANG_ENABLE_OBJC_ARC = YES;
				CLANG_ENABLE_OBJC_WEAK = YES;
				CLANG_WARN_BLOCK_CAPTURE_AUTORELEASING = YES;
				CLANG_WARN_BOOL_CONVERSION = YES;
				CLANG_WARN_COMMA = YES;
				CLANG_WARN_CONSTANT_CONVERSION = YES;
				CLANG_WARN_DEPRECATED_OBJC_IMPLEMENTATIONS = YES;
				CLANG_WARN_DIRECT_OBJC_ISA_USAGE = YES_ERROR;
				CLANG_WARN_DOCUMENTATION_COMMENTS = YES;
				CLANG_WARN_EMPTY_BODY = YES;
				CLANG_WARN_ENUM_CONVERSION = YES;
				CLANG_WARN_INFINITE_RECURSION = YES;
				CLANG_WARN_INT_CONVERSION = YES;
				CLANG_WARN_NON_LITERAL_NULL_CONVERSION = YES;
				CLANG_WARN_OBJC_IMPLICIT_RETAIN_SELF = YES;
				CLANG_WARN_OBJC_LITERAL_CONVERSION = YES;
				CLANG_WARN_OBJC_ROOT_CLASS = YES_ERROR;
				CLANG_WARN_RANGE_LOOP_ANALYSIS = YES;
				CLANG_WARN_STRICT_PROTOTYPES = YES;
				CLANG_WARN_SUSPICIOUS_MOVE = YES;
				CLANG_WARN_UNGUARDED_AVAILABILITY = YES_AGGRESSIVE;
				CLANG_WARN_UNREACHABLE_CODE = YES;
				CLANG_WARN__DUPLICATE_METHOD_MATCH = YES;
				CODE_SIGN_IDENTITY = "iPhone Developer";
				COPY_PHASE_STRIP = NO;
				DEBUG_INFORMATION_FORMAT = "dwarf-with-dsym";
				ENABLE_NS_ASSERTIONS = NO;
				ENABLE_STRICT_OBJC_MSGSEND = YES;
				GCC_C_LANGUAGE_STANDARD = gnu11;
				GCC_NO_COMMON_BLOCKS = YES;
				GCC_WARN_64_TO_32_BIT_CONVERSION = YES;
				GCC_WARN_ABOUT_RETURN_TYPE = YES_ERROR;
				GCC_WARN_UNDECLARED_SELECTOR = YES;
				GCC_WARN_UNINITIALIZED_AUTOS = YES_AGGRESSIVE;
				GCC_WARN_UNUSED_FUNCTION = YES;
				GCC_WARN_UNUSED_VARIABLE = YES;
				IPHONEOS_DEPLOYMENT_TARGET = 12.1;
				MTL_ENABLE_DEBUG_INFO = NO;
				MTL_FAST_MATH = YES;
				SDKROOT = iphoneos;
				SWIFT_COMPILATION_MODE = wholemodule;
				SWIFT_OPTIMIZATION_LEVEL = "-O";
				VALIDATE_PRODUCT = YES;
			};
			name = Release;
		};
		3DE39441219B5D8F00124B07 /* Debug */ = {
			isa = XCBuildConfiguration;
			baseConfigurationReference = 7FA973B8BDDA271A848968C2 /* Pods-ElvesTask.debug.xcconfig */;
			buildSettings = {
				ASSETCATALOG_COMPILER_APPICON_NAME = AppIcon;
				CODE_SIGN_STYLE = Automatic;
				DEVELOPMENT_TEAM = 7QH458A3QD;
				INFOPLIST_FILE = ElvesTask/Info.plist;
				LD_RUNPATH_SEARCH_PATHS = (
					"$(inherited)",
					"@executable_path/Frameworks",
				);
				PRODUCT_BUNDLE_IDENTIFIER = com.innovolve.iqraaly;
				PRODUCT_NAME = "$(TARGET_NAME)";
				SWIFT_VERSION = 4.2;
				TARGETED_DEVICE_FAMILY = "1,2";
			};
			name = Debug;
		};
		3DE39442219B5D8F00124B07 /* Release */ = {
			isa = XCBuildConfiguration;
			baseConfigurationReference = F0B548DBF31805EF90784989 /* Pods-ElvesTask.release.xcconfig */;
			buildSettings = {
				ASSETCATALOG_COMPILER_APPICON_NAME = AppIcon;
				CODE_SIGN_STYLE = Automatic;
				DEVELOPMENT_TEAM = 7QH458A3QD;
				INFOPLIST_FILE = ElvesTask/Info.plist;
				LD_RUNPATH_SEARCH_PATHS = (
					"$(inherited)",
					"@executable_path/Frameworks",
				);
				PRODUCT_BUNDLE_IDENTIFIER = com.innovolve.iqraaly;
				PRODUCT_NAME = "$(TARGET_NAME)";
				SWIFT_VERSION = 4.2;
				TARGETED_DEVICE_FAMILY = "1,2";
			};
			name = Release;
		};
		3DE39444219B5D8F00124B07 /* Debug */ = {
			isa = XCBuildConfiguration;
			baseConfigurationReference = 374BD335F0A7974B3D16E0A1 /* Pods-ElvesTaskTests.debug.xcconfig */;
			buildSettings = {
				ALWAYS_EMBED_SWIFT_STANDARD_LIBRARIES = YES;
				BUNDLE_LOADER = "$(TEST_HOST)";
				CODE_SIGN_STYLE = Automatic;
				DEVELOPMENT_TEAM = 7QH458A3QD;
				INFOPLIST_FILE = ElvesTaskTests/Info.plist;
				LD_RUNPATH_SEARCH_PATHS = (
					"$(inherited)",
					"@executable_path/Frameworks",
					"@loader_path/Frameworks",
				);
				PRODUCT_BUNDLE_IDENTIFIER = dimo.hamdy.ElvesTaskTests;
				PRODUCT_NAME = "$(TARGET_NAME)";
				SWIFT_VERSION = 4.2;
				TARGETED_DEVICE_FAMILY = "1,2";
				TEST_HOST = "$(BUILT_PRODUCTS_DIR)/ElvesTask.app/ElvesTask";
			};
			name = Debug;
		};
		3DE39445219B5D8F00124B07 /* Release */ = {
			isa = XCBuildConfiguration;
			baseConfigurationReference = ABA273E0A377D38044DB8723 /* Pods-ElvesTaskTests.release.xcconfig */;
			buildSettings = {
				ALWAYS_EMBED_SWIFT_STANDARD_LIBRARIES = YES;
				BUNDLE_LOADER = "$(TEST_HOST)";
				CODE_SIGN_STYLE = Automatic;
				DEVELOPMENT_TEAM = 7QH458A3QD;
				INFOPLIST_FILE = ElvesTaskTests/Info.plist;
				LD_RUNPATH_SEARCH_PATHS = (
					"$(inherited)",
					"@executable_path/Frameworks",
					"@loader_path/Frameworks",
				);
				PRODUCT_BUNDLE_IDENTIFIER = dimo.hamdy.ElvesTaskTests;
				PRODUCT_NAME = "$(TARGET_NAME)";
				SWIFT_VERSION = 4.2;
				TARGETED_DEVICE_FAMILY = "1,2";
				TEST_HOST = "$(BUILT_PRODUCTS_DIR)/ElvesTask.app/ElvesTask";
			};
			name = Release;
		};
		3DE39447219B5D8F00124B07 /* Debug */ = {
			isa = XCBuildConfiguration;
			baseConfigurationReference = C7CAA4E2FC20EB127DC480B6 /* Pods-ElvesTaskUITests.debug.xcconfig */;
			buildSettings = {
				ALWAYS_EMBED_SWIFT_STANDARD_LIBRARIES = YES;
				CODE_SIGN_STYLE = Automatic;
				DEVELOPMENT_TEAM = 7QH458A3QD;
				INFOPLIST_FILE = ElvesTaskUITests/Info.plist;
				LD_RUNPATH_SEARCH_PATHS = (
					"$(inherited)",
					"@executable_path/Frameworks",
					"@loader_path/Frameworks",
				);
				PRODUCT_BUNDLE_IDENTIFIER = dimo.hamdy.ElvesTaskUITests;
				PRODUCT_NAME = "$(TARGET_NAME)";
				SWIFT_VERSION = 4.2;
				TARGETED_DEVICE_FAMILY = "1,2";
				TEST_TARGET_NAME = ElvesTask;
			};
			name = Debug;
		};
		3DE39448219B5D8F00124B07 /* Release */ = {
			isa = XCBuildConfiguration;
			baseConfigurationReference = 7D963A4825E94FC5B9D4A3D5 /* Pods-ElvesTaskUITests.release.xcconfig */;
			buildSettings = {
				ALWAYS_EMBED_SWIFT_STANDARD_LIBRARIES = YES;
				CODE_SIGN_STYLE = Automatic;
				DEVELOPMENT_TEAM = 7QH458A3QD;
				INFOPLIST_FILE = ElvesTaskUITests/Info.plist;
				LD_RUNPATH_SEARCH_PATHS = (
					"$(inherited)",
					"@executable_path/Frameworks",
					"@loader_path/Frameworks",
				);
				PRODUCT_BUNDLE_IDENTIFIER = dimo.hamdy.ElvesTaskUITests;
				PRODUCT_NAME = "$(TARGET_NAME)";
				SWIFT_VERSION = 4.2;
				TARGETED_DEVICE_FAMILY = "1,2";
				TEST_TARGET_NAME = ElvesTask;
			};
			name = Release;
		};
/* End XCBuildConfiguration section */

/* Begin XCConfigurationList section */
		3DE39413219B5D8D00124B07 /* Build configuration list for PBXProject "ElvesTask" */ = {
			isa = XCConfigurationList;
			buildConfigurations = (
				3DE3943E219B5D8F00124B07 /* Debug */,
				3DE3943F219B5D8F00124B07 /* Release */,
			);
			defaultConfigurationIsVisible = 0;
			defaultConfigurationName = Release;
		};
		3DE39440219B5D8F00124B07 /* Build configuration list for PBXNativeTarget "ElvesTask" */ = {
			isa = XCConfigurationList;
			buildConfigurations = (
				3DE39441219B5D8F00124B07 /* Debug */,
				3DE39442219B5D8F00124B07 /* Release */,
			);
			defaultConfigurationIsVisible = 0;
			defaultConfigurationName = Release;
		};
		3DE39443219B5D8F00124B07 /* Build configuration list for PBXNativeTarget "ElvesTaskTests" */ = {
			isa = XCConfigurationList;
			buildConfigurations = (
				3DE39444219B5D8F00124B07 /* Debug */,
				3DE39445219B5D8F00124B07 /* Release */,
			);
			defaultConfigurationIsVisible = 0;
			defaultConfigurationName = Release;
		};
		3DE39446219B5D8F00124B07 /* Build configuration list for PBXNativeTarget "ElvesTaskUITests" */ = {
			isa = XCConfigurationList;
			buildConfigurations = (
				3DE39447219B5D8F00124B07 /* Debug */,
				3DE39448219B5D8F00124B07 /* Release */,
			);
			defaultConfigurationIsVisible = 0;
			defaultConfigurationName = Release;
		};
/* End XCConfigurationList section */
	};
	rootObject = 3DE39410219B5D8D00124B07 /* Project object */;
}
